
Microsoft Visual Studio Solution File, Format Version 12.00
# Visual Studio Version 16
VisualStudioVersion = 16.0.29519.87
MinimumVisualStudioVersion = 10.0.40219.1
Project("{FAE04EC0-301F-11D3-BF4B-00C04F79EFBC}") = "Finanzas", "Finanzas.csproj", "{DDF0814C-560B-4105-BF64-D51062510B3D}"
EndProject
Global
	GlobalSection(SolutionConfigurationPlatforms) = preSolution
		Debug|Any CPU = Debug|Any CPU
		Release|Any CPU = Release|Any CPU
	EndGlobalSection
	GlobalSection(ProjectConfigurationPlatforms) = postSolution
		{DDF0814C-560B-4105-BF64-D51062510B3D}.Debug|Any CPU.ActiveCfg = Debug|Any CPU
		{DDF0814C-560B-4105-BF64-D51062510B3D}.Debug|Any CPU.Build.0 = Debug|Any CPU
		{DDF0814C-560B-4105-BF64-D51062510B3D}.Release|Any CPU.ActiveCfg = Release|Any CPU
		{DDF0814C-560B-4105-BF64-D51062510B3D}.Release|Any CPU.Build.0 = Release|Any CPU
	EndGlobalSection
	GlobalSection(SolutionProperties) = preSolution
		HideSolutionNode = FALSE
	EndGlobalSection
	GlobalSection(ExtensibilityGlobals) = postSolution
		SolutionGuid = {FA321FB1-6088-4DFD-97E2-70DF15DABCA1}
	EndGlobalSection
EndGlobal
